
Microsoft Visual Studio Solution File, Format Version 12.00
# Visual Studio Version 17
VisualStudioVersion = 17.5.33627.172
MinimumVisualStudioVersion = 10.0.40219.1
Project("{9A19103F-16F7-4668-BE54-9A1E7A4F7556}") = "Lazy_Loading", "Lazy_Loading.csproj", "{BA9E6C1C-24E1-4F5A-B39B-1E7B4E9EEBA6}"
EndProject
Global
	GlobalSection(SolutionConfigurationPlatforms) = preSolution
		Debug|Any CPU = Debug|Any CPU
		Release|Any CPU = Release|Any CPU
	EndGlobalSection
	GlobalSection(ProjectConfigurationPlatforms) = postSolution
		{BA9E6C1C-24E1-4F5A-B39B-1E7B4E9EEBA6}.Debug|Any CPU.ActiveCfg = Debug|Any CPU
		{BA9E6C1C-24E1-4F5A-B39B-1E7B4E9EEBA6}.Debug|Any CPU.Build.0 = Debug|Any CPU
		{BA9E6C1C-24E1-4F5A-B39B-1E7B4E9EEBA6}.Release|Any CPU.ActiveCfg = Release|Any CPU
		{BA9E6C1C-24E1-4F5A-B39B-1E7B4E9EEBA6}.Release|Any CPU.Build.0 = Release|Any CPU
	EndGlobalSection
	GlobalSection(SolutionProperties) = preSolution
		HideSolutionNode = FALSE
	EndGlobalSection
	GlobalSection(ExtensibilityGlobals) = postSolution
		SolutionGuid = {2602AB33-843A-469D-806A-2619661DA6B6}
	EndGlobalSection
EndGlobal
