
Microsoft Visual Studio Solution File, Format Version 12.00
# Visual Studio Version 17
VisualStudioVersion = 17.5.33627.172
MinimumVisualStudioVersion = 10.0.40219.1
Project("{9A19103F-16F7-4668-BE54-9A1E7A4F7556}") = "EF_Core_7_Injecting_Services_Into_Entities", "EF_Core_7_Injecting_Services_Into_Entities.csproj", "{1F326FB9-569D-4156-BF47-0944F0486636}"
EndProject
Global
	GlobalSection(SolutionConfigurationPlatforms) = preSolution
		Debug|Any CPU = Debug|Any CPU
		Release|Any CPU = Release|Any CPU
	EndGlobalSection
	GlobalSection(ProjectConfigurationPlatforms) = postSolution
		{1F326FB9-569D-4156-BF47-0944F0486636}.Debug|Any CPU.ActiveCfg = Debug|Any CPU
		{1F326FB9-569D-4156-BF47-0944F0486636}.Debug|Any CPU.Build.0 = Debug|Any CPU
		{1F326FB9-569D-4156-BF47-0944F0486636}.Release|Any CPU.ActiveCfg = Release|Any CPU
		{1F326FB9-569D-4156-BF47-0944F0486636}.Release|Any CPU.Build.0 = Release|Any CPU
	EndGlobalSection
	GlobalSection(SolutionProperties) = preSolution
		HideSolutionNode = FALSE
	EndGlobalSection
	GlobalSection(ExtensibilityGlobals) = postSolution
		SolutionGuid = {F00B9C5B-7176-4C5E-8CF9-3F6B2D6D6E3B}
	EndGlobalSection
EndGlobal
