
Microsoft Visual Studio Solution File, Format Version 12.00
# Visual Studio Version 17
VisualStudioVersion = 17.5.33627.172
MinimumVisualStudioVersion = 10.0.40219.1
Project("{9A19103F-16F7-4668-BE54-9A1E7A4F7556}") = "Query_Tags", "Query_Tags.csproj", "{37EEFC6E-3EBB-4A57-960E-2B8BF0548442}"
EndProject
Global
	GlobalSection(SolutionConfigurationPlatforms) = preSolution
		Debug|Any CPU = Debug|Any CPU
		Release|Any CPU = Release|Any CPU
	EndGlobalSection
	GlobalSection(ProjectConfigurationPlatforms) = postSolution
		{37EEFC6E-3EBB-4A57-960E-2B8BF0548442}.Debug|Any CPU.ActiveCfg = Debug|Any CPU
		{37EEFC6E-3EBB-4A57-960E-2B8BF0548442}.Debug|Any CPU.Build.0 = Debug|Any CPU
		{37EEFC6E-3EBB-4A57-960E-2B8BF0548442}.Release|Any CPU.ActiveCfg = Release|Any CPU
		{37EEFC6E-3EBB-4A57-960E-2B8BF0548442}.Release|Any CPU.Build.0 = Release|Any CPU
	EndGlobalSection
	GlobalSection(SolutionProperties) = preSolution
		HideSolutionNode = FALSE
	EndGlobalSection
	GlobalSection(ExtensibilityGlobals) = postSolution
		SolutionGuid = {E832FA39-A9EB-4D1C-AC43-A9F0B499DA6E}
	EndGlobalSection
EndGlobal
