
Microsoft Visual Studio Solution File, Format Version 12.00
# Visual Studio Version 17
VisualStudioVersion = 17.5.33627.172
MinimumVisualStudioVersion = 10.0.40219.1
Project("{9A19103F-16F7-4668-BE54-9A1E7A4F7556}") = "Value_Conversions", "Value_Conversions.csproj", "{ABEAF49E-748F-4666-8380-F2716DF00CB8}"
EndProject
Global
	GlobalSection(SolutionConfigurationPlatforms) = preSolution
		Debug|Any CPU = Debug|Any CPU
		Release|Any CPU = Release|Any CPU
	EndGlobalSection
	GlobalSection(ProjectConfigurationPlatforms) = postSolution
		{ABEAF49E-748F-4666-8380-F2716DF00CB8}.Debug|Any CPU.ActiveCfg = Debug|Any CPU
		{ABEAF49E-748F-4666-8380-F2716DF00CB8}.Debug|Any CPU.Build.0 = Debug|Any CPU
		{ABEAF49E-748F-4666-8380-F2716DF00CB8}.Release|Any CPU.ActiveCfg = Release|Any CPU
		{ABEAF49E-748F-4666-8380-F2716DF00CB8}.Release|Any CPU.Build.0 = Release|Any CPU
	EndGlobalSection
	GlobalSection(SolutionProperties) = preSolution
		HideSolutionNode = FALSE
	EndGlobalSection
	GlobalSection(ExtensibilityGlobals) = postSolution
		SolutionGuid = {174A31F0-7336-4017-90A9-671F40A7626F}
	EndGlobalSection
EndGlobal
