
Microsoft Visual Studio Solution File, Format Version 12.00
# Visual Studio Version 17
VisualStudioVersion = 17.5.33627.172
MinimumVisualStudioVersion = 10.0.40219.1
Project("{9A19103F-16F7-4668-BE54-9A1E7A4F7556}") = "Stored_Procedures", "Stored_Procedures.csproj", "{382AE070-460A-4755-98E0-D340740962E1}"
EndProject
Global
	GlobalSection(SolutionConfigurationPlatforms) = preSolution
		Debug|Any CPU = Debug|Any CPU
		Release|Any CPU = Release|Any CPU
	EndGlobalSection
	GlobalSection(ProjectConfigurationPlatforms) = postSolution
		{382AE070-460A-4755-98E0-D340740962E1}.Debug|Any CPU.ActiveCfg = Debug|Any CPU
		{382AE070-460A-4755-98E0-D340740962E1}.Debug|Any CPU.Build.0 = Debug|Any CPU
		{382AE070-460A-4755-98E0-D340740962E1}.Release|Any CPU.ActiveCfg = Release|Any CPU
		{382AE070-460A-4755-98E0-D340740962E1}.Release|Any CPU.Build.0 = Release|Any CPU
	EndGlobalSection
	GlobalSection(SolutionProperties) = preSolution
		HideSolutionNode = FALSE
	EndGlobalSection
	GlobalSection(ExtensibilityGlobals) = postSolution
		SolutionGuid = {1B46EEFA-EB70-411D-82CD-6D5BC715B984}
	EndGlobalSection
EndGlobal
